
Microsoft Visual Studio Solution File, Format Version 12.00
# Visual Studio Version 16
VisualStudioVersion = 16.0.31005.135
MinimumVisualStudioVersion = 10.0.40219.1
Project("{FAE04EC0-301F-11D3-BF4B-00C04F79EFBC}") = "TesteWsCorreios", "TesteWsCorreios\TesteWsCorreios.csproj", "{F9064898-8764-4195-98BA-72ED10322538}"
EndProject
Global
	GlobalSection(SolutionConfigurationPlatforms) = preSolution
		Debug|Any CPU = Debug|Any CPU
		Release|Any CPU = Release|Any CPU
	EndGlobalSection
	GlobalSection(ProjectConfigurationPlatforms) = postSolution
		{F9064898-8764-4195-98BA-72ED10322538}.Debug|Any CPU.ActiveCfg = Debug|Any CPU
		{F9064898-8764-4195-98BA-72ED10322538}.Debug|Any CPU.Build.0 = Debug|Any CPU
		{F9064898-8764-4195-98BA-72ED10322538}.Release|Any CPU.ActiveCfg = Release|Any CPU
		{F9064898-8764-4195-98BA-72ED10322538}.Release|Any CPU.Build.0 = Release|Any CPU
	EndGlobalSection
	GlobalSection(SolutionProperties) = preSolution
		HideSolutionNode = FALSE
	EndGlobalSection
	GlobalSection(ExtensibilityGlobals) = postSolution
		SolutionGuid = {561C2381-1E0E-404F-B918-7C5BC62DF109}
	EndGlobalSection
EndGlobal
